{
  "name": "crossworld",
  "version": "0.1.0",
  "lockfileVersion": 3,
  "requires": true,
  "packages": {
    "": {
      "name": "crossworld",
      "version": "0.1.0",
      "license": "MIT",
      "dependencies": {
        "@tauri-apps/api": "^2",
        "@tauri-apps/plugin-opener": "^2",
        "@threlte/core": "^8.5.16",
        "@threlte/extras": "^9.21.0",
        "three": "^0.184.0",
        "three-viewport-gizmo": "^2.2.0"
      },
      "devDependencies": {
        "@sveltejs/adapter-static": "^3.0.6",
        "@sveltejs/kit": "^2.9.0",
        "@sveltejs/vite-plugin-svelte": "^5.0.0",
        "@tauri-apps/cli": "^2",
        "svelte": "^5.0.0",
        "svelte-check": "^4.0.0",
        "typescript": "~5.6.2",
        "vite": "^6.0.3"
      }
    },
    "../../../node_modules/.pnpm/@sveltejs+adapter-static@3.0.10_@sveltejs+kit@2.66.0_@sveltejs+vite-plugin-svelte@5.1.1_f947f9c1379b4112caa21be88621ffaf/node_modules/@sveltejs/adapter-static": {
      "version": "3.0.10",
      "dev": true,
      "license": "MIT",
      "devDependencies": {
        "@playwright/test": "^1.51.1",
        "@sveltejs/kit": "^2.43.7",
        "@sveltejs/vite-plugin-svelte": "^6.0.0-next.3",
        "@types/node": "^18.19.119",
        "sirv": "^3.0.0",
        "svelte": "^5.39.3",
        "typescript": "^5.3.3",
        "vite": "^6.3.5"
      },
      "peerDependencies": {
        "@sveltejs/kit": "^2.0.0"
      }
    },
    "../../../node_modules/.pnpm/@sveltejs+kit@2.66.0_@sveltejs+vite-plugin-svelte@5.1.1_svelte@5.56.3_vite@6.4.3_sass@1_5e312ba370d106cc5b7360ecae792143/node_modules/@sveltejs/kit": {
      "version": "2.66.0",
      "dev": true,
      "license": "MIT",
      "dependencies": {
        "@standard-schema/spec": "^1.0.0",
        "@sveltejs/acorn-typescript": "^1.0.9",
        "@types/cookie": "^0.6.0",
        "acorn": "^8.16.0",
        "cookie": "^0.6.0",
        "devalue": "^5.8.1",
        "esm-env": "^1.2.2",
        "kleur": "^4.1.5",
        "magic-string": "^0.30.5",
        "mrmime": "^2.0.0",
        "set-cookie-parser": "^3.0.0",
        "sirv": "^3.0.0"
      },
      "bin": {
        "svelte-kit": "svelte-kit.js"
      },
      "devDependencies": {
        "@opentelemetry/api": "^1.0.0",
        "@playwright/test": "^1.60.0",
        "@sveltejs/vite-plugin-svelte": "^6.0.0-next.3",
        "@types/connect": "^3.4.38",
        "@types/node": "^18.19.130",
        "@types/set-cookie-parser": "^2.4.7",
        "dts-buddy": "^0.8.1",
        "jsdom": "^26.1.0",
        "rollup": "^4.59.0",
        "svelte": "^5.56.3",
        "typescript": "^5.3.3",
        "vite": "^6.4.3",
        "vitest": "^4.1.7"
      },
      "engines": {
        "node": ">=18.13"
      },
      "peerDependencies": {
        "@opentelemetry/api": "^1.0.0",
        "@sveltejs/vite-plugin-svelte": "^3.0.0 || ^4.0.0-next.1 || ^5.0.0 || ^6.0.0-next.0 || ^7.0.0",
        "svelte": "^4.0.0 || ^5.0.0-next.0",
        "typescript": "^5.3.3 || ^6.0.0",
        "vite": "^5.0.3 || ^6.0.0 || ^7.0.0-beta.0 || ^8.0.0"
      },
      "peerDependenciesMeta": {
        "@opentelemetry/api": {
          "optional": true
        },
        "typescript": {
          "optional": true
        }
      }
    },
    "../../../node_modules/.pnpm/@sveltejs+vite-plugin-svelte@5.1.1_svelte@5.56.3_vite@6.4.3_sass@1.101.0_/node_modules/@sveltejs/vite-plugin-svelte": {
      "version": "5.1.1",
      "dev": true,
      "license": "MIT",
      "dependencies": {
        "@sveltejs/vite-plugin-svelte-inspector": "^4.0.1",
        "debug": "^4.4.1",
        "deepmerge": "^4.3.1",
        "kleur": "^4.1.5",
        "magic-string": "^0.30.17",
        "vitefu": "^1.0.6"
      },
      "devDependencies": {
        "@types/debug": "^4.1.12",
        "sass": "^1.89.0",
        "svelte": "^5.33.3",
        "vite": "^6.3.5"
      },
      "engines": {
        "node": "^18.0.0 || ^20.0.0 || >=22"
      },
      "peerDependencies": {
        "svelte": "^5.0.0",
        "vite": "^6.0.0"
      }
    },
    "../../../node_modules/.pnpm/@tauri-apps+api@2.11.1/node_modules/@tauri-apps/api": {
      "version": "2.11.1",
      "license": "Apache-2.0 OR MIT",
      "devDependencies": {
        "@eslint/js": "^10.0.1",
        "@rollup/plugin-terser": "1.0.0",
        "@rollup/plugin-typescript": "12.3.0",
        "@types/eslint": "^9.6.1",
        "@types/node": "^24.11.0",
        "eslint": "^10.0.2",
        "eslint-config-prettier": "10.1.8",
        "eslint-plugin-security": "4.0.1",
        "fast-glob": "3.3.3",
        "globals": "^17.4.0",
        "rollup": "4.61.1",
        "tslib": "^2.8.1",
        "typescript": "^6.0.0",
        "typescript-eslint": "^8.58.2"
      },
      "funding": {
        "type": "opencollective",
        "url": "https://opencollective.com/tauri"
      }
    },
    "../../../node_modules/.pnpm/@tauri-apps+cli@2.11.3/node_modules/@tauri-apps/cli": {
      "version": "2.11.3",
      "dev": true,
      "license": "Apache-2.0 OR MIT",
      "bin": {
        "tauri": "tauri.js"
      },
      "devDependencies": {
        "@napi-rs/cli": "3.4.1",
        "@types/node": "^24.11.0",
        "cross-env": "10.1.0",
        "vitest": "^4.0.18"
      },
      "engines": {
        "node": ">= 10"
      },
      "funding": {
        "type": "opencollective",
        "url": "https://opencollective.com/tauri"
      },
      "optionalDependencies": {
        "@tauri-apps/cli-darwin-arm64": "2.11.3",
        "@tauri-apps/cli-darwin-x64": "2.11.3",
        "@tauri-apps/cli-linux-arm-gnueabihf": "2.11.3",
        "@tauri-apps/cli-linux-arm64-gnu": "2.11.3",
        "@tauri-apps/cli-linux-arm64-musl": "2.11.3",
        "@tauri-apps/cli-linux-riscv64-gnu": "2.11.3",
        "@tauri-apps/cli-linux-x64-gnu": "2.11.3",
        "@tauri-apps/cli-linux-x64-musl": "2.11.3",
        "@tauri-apps/cli-win32-arm64-msvc": "2.11.3",
        "@tauri-apps/cli-win32-ia32-msvc": "2.11.3",
        "@tauri-apps/cli-win32-x64-msvc": "2.11.3"
      }
    },
    "../../../node_modules/.pnpm/@tauri-apps+plugin-opener@2.5.4/node_modules/@tauri-apps/plugin-opener": {
      "version": "2.5.4",
      "license": "MIT OR Apache-2.0",
      "dependencies": {
        "@tauri-apps/api": "^2.11.0"
      }
    },
    "../../../node_modules/.pnpm/@threlte+core@8.5.16_svelte@5.56.3_three@0.184.0/node_modules/@threlte/core": {
      "version": "8.5.16",
      "license": "MIT",
      "devDependencies": {
        "@eslint/js": "^9.26.0",
        "@sveltejs/adapter-auto": "^6.1.0",
        "@sveltejs/kit": "^2.37.0",
        "@sveltejs/package": "^2.3.7",
        "@sveltejs/vite-plugin-svelte": "^6.1.4",
        "@threlte/test": "^2.0.2",
        "@types/bun": "^1.2.12",
        "@types/node": "^20.19.4",
        "@types/three": "^0.175.0",
        "@vitest/browser-playwright": "^4.1.2",
        "@vitest/coverage-v8": "^4.1.2",
        "@yushijinhun/three-minifier-rollup": "^0.4.0",
        "eslint": "^9.26.0",
        "eslint-plugin-svelte": "^3.5.1",
        "globals": "^16.1.0",
        "happy-dom": "^18.0.1",
        "playwright": "^1.58.2",
        "prettier": "^3.8.1",
        "prettier-plugin-svelte": "^3.5.1",
        "publint": "^0.2.7",
        "rimraf": "^6.0.1",
        "svelte": "5.53.6",
        "svelte-check": "^4.3.1",
        "three": "^0.175.0",
        "tslib": "^2.6.2",
        "typescript": "5.9.2",
        "typescript-eslint": "^8.32.0",
        "vite": "^7.1.4",
        "vitest": "^4.1.2"
      },
      "peerDependencies": {
        "svelte": ">=5",
        "three": ">=0.160"
      }
    },
    "../../../node_modules/.pnpm/@threlte+extras@9.21.0_@types+three@0.184.1_svelte@5.56.3_three@0.184.0/node_modules/@threlte/extras": {
      "version": "9.21.0",
      "license": "MIT",
      "dependencies": {
        "@threejs-kit/instanced-sprite-mesh": "^2.5.1",
        "camera-controls": "^3.1.2",
        "three-mesh-bvh": "^0.9.1",
        "three-perf": "^1.0.11",
        "three-viewport-gizmo": "^2.2.0",
        "troika-three-text": "^0.52.4"
      },
      "devDependencies": {
        "@eslint/js": "^9.26.0",
        "@sveltejs/adapter-auto": "^6.1.0",
        "@sveltejs/kit": "^2.37.0",
        "@sveltejs/package": "^2.3.7",
        "@sveltejs/vite-plugin-svelte": "^6.1.4",
        "@threlte/core": "8.5.16",
        "@threlte/test": "^2.0.2",
        "@types/node": "^20.19.4",
        "@types/three": "^0.175.0",
        "@vitest/browser-playwright": "^4.1.2",
        "@vitest/coverage-v8": "^4.1.2",
        "@yushijinhun/three-minifier-rollup": "^0.4.0",
        "eslint": "^9.26.0",
        "eslint-plugin-svelte": "^3.5.1",
        "globals": "^16.1.0",
        "playwright": "^1.58.2",
        "prettier": "^3.8.1",
        "prettier-plugin-svelte": "^3.5.1",
        "publint": "^0.2.7",
        "rimraf": "^6.0.1",
        "svelte": "5.53.6",
        "svelte-check": "^4.3.1",
        "three": "^0.175.0",
        "tslib": "^2.6.2",
        "type-fest": "^4.15.0",
        "typescript": "5.9.2",
        "typescript-eslint": "^8.32.0",
        "vite": "^7.1.4",
        "vitest": "^4.1.2"
      },
      "peerDependencies": {
        "svelte": ">=5",
        "three": ">=0.160"
      }
    },
    "../../../node_modules/.pnpm/svelte-check@4.6.0_picomatch@4.0.4_svelte@5.56.3_typescript@5.6.3/node_modules/svelte-check": {
      "version": "4.6.0",
      "dev": true,
      "license": "MIT",
      "dependencies": {
        "@jridgewell/trace-mapping": "^0.3.25",
        "@sveltejs/load-config": "0.1.1",
        "chokidar": "^4.0.1",
        "fdir": "^6.2.0",
        "picocolors": "^1.0.0",
        "sade": "^1.7.4"
      },
      "bin": {
        "svelte-check": "bin/svelte-check"
      },
      "devDependencies": {
        "@rollup/plugin-commonjs": "^24.0.0",
        "@rollup/plugin-json": "^6.0.0",
        "@rollup/plugin-node-resolve": "^15.0.0",
        "@rollup/plugin-replace": "5.0.2",
        "@rollup/plugin-typescript": "^10.0.0",
        "@types/sade": "^1.7.2",
        "rollup": "3.7.5",
        "rollup-plugin-cleanup": "^3.2.0",
        "rollup-plugin-copy": "^3.4.0",
        "svelte": "^4.2.19",
        "svelte-language-server": "0.18.2",
        "svelte2tsx": "0.7.56",
        "typescript": "^6.0.3",
        "vscode-languageserver": "8.0.2",
        "vscode-languageserver-protocol": "3.17.2",
        "vscode-languageserver-types": "3.17.2",
        "vscode-uri": "~3.1.0"
      },
      "engines": {
        "node": ">= 18.0.0"
      },
      "peerDependencies": {
        "svelte": "^4.0.0 || ^5.0.0-next.0",
        "typescript": ">=5.0.0"
      }
    },
    "../../../node_modules/.pnpm/svelte@5.56.3/node_modules/svelte": {
      "version": "5.56.3",
      "dev": true,
      "license": "MIT",
      "dependencies": {
        "@jridgewell/remapping": "^2.3.4",
        "@jridgewell/sourcemap-codec": "^1.5.0",
        "@sveltejs/acorn-typescript": "^1.0.10",
        "@types/estree": "^1.0.5",
        "@types/trusted-types": "^2.0.7",
        "acorn": "^8.12.1",
        "aria-query": "5.3.1",
        "axobject-query": "^4.1.0",
        "clsx": "^2.1.1",
        "devalue": "^5.8.1",
        "esm-env": "^1.2.1",
        "esrap": "^2.2.11",
        "is-reference": "^3.0.3",
        "locate-character": "^3.0.0",
        "magic-string": "^0.30.11",
        "zimmerframe": "^1.1.2"
      },
      "devDependencies": {
        "@jridgewell/trace-mapping": "^0.3.25",
        "@playwright/test": "^1.60.0",
        "@rollup/plugin-commonjs": "^28.0.1",
        "@rollup/plugin-node-resolve": "^15.3.0",
        "@rollup/plugin-terser": "^0.4.4",
        "@rollup/plugin-virtual": "^3.0.2",
        "@types/aria-query": "^5.0.4",
        "@types/node": "^20.11.5",
        "baseline-browser-mapping": "^2.10.32",
        "dts-buddy": "^0.5.5",
        "esbuild": "^0.25.10",
        "rollup": "^4.59.0",
        "source-map": "^0.7.4",
        "tinyglobby": "^0.2.12",
        "typescript": "^5.5.4",
        "vitest": "^4.1.7",
        "web-features": "^3.29.0"
      },
      "engines": {
        "node": ">=18"
      }
    },
    "../../../node_modules/.pnpm/three@0.184.0/node_modules/three": {
      "version": "0.184.0",
      "license": "MIT",
      "devDependencies": {
        "@eslint/js": "^9.0.0",
        "@rollup/plugin-node-resolve": "^16.0.0",
        "@rollup/plugin-terser": "^1.0.0",
        "eslint": "^9.0.0",
        "eslint-config-mdcs": "^5.0.0",
        "eslint-plugin-compat": "^7.0.0",
        "eslint-plugin-html": "^8.1.3",
        "eslint-plugin-jsdoc": "^62.0.0",
        "globals": "^17.0.0",
        "jpeg-js": "^0.4.4",
        "jsdoc": "^4.0.5",
        "magic-string": "^0.30.0",
        "pngjs": "^7.0.0",
        "puppeteer": "^24.40.0",
        "qunit": "^2.19.4",
        "rollup": "^4.6.0",
        "turndown": "^7.2.2"
      }
    },
    "../../../node_modules/.pnpm/typescript@5.6.3/node_modules/typescript": {
      "version": "5.6.3",
      "dev": true,
      "license": "Apache-2.0",
      "bin": {
        "tsc": "bin/tsc",
        "tsserver": "bin/tsserver"
      },
      "devDependencies": {
        "@dprint/formatter": "^0.4.1",
        "@dprint/typescript": "0.91.6",
        "@esfx/canceltoken": "^1.0.0",
        "@eslint/js": "^9.9.0",
        "@octokit/rest": "^21.0.1",
        "@types/chai": "^4.3.17",
        "@types/diff": "^5.2.1",
        "@types/minimist": "^1.2.5",
        "@types/mocha": "^10.0.7",
        "@types/ms": "^0.7.34",
        "@types/node": "latest",
        "@types/source-map-support": "^0.5.10",
        "@types/which": "^3.0.4",
        "@typescript-eslint/rule-tester": "^8.1.0",
        "@typescript-eslint/type-utils": "^8.1.0",
        "@typescript-eslint/utils": "^8.1.0",
        "azure-devops-node-api": "^14.0.2",
        "c8": "^10.1.2",
        "chai": "^4.5.0",
        "chalk": "^4.1.2",
        "chokidar": "^3.6.0",
        "diff": "^5.2.0",
        "dprint": "^0.47.2",
        "esbuild": "^0.23.0",
        "eslint": "^9.9.0",
        "eslint-formatter-autolinkable-stylish": "^1.4.0",
        "eslint-plugin-regexp": "^2.6.0",
        "fast-xml-parser": "^4.4.1",
        "glob": "^10.4.5",
        "globals": "^15.9.0",
        "hereby": "^1.9.0",
        "jsonc-parser": "^3.3.1",
        "knip": "^5.27.2",
        "minimist": "^1.2.8",
        "mocha": "^10.7.3",
        "mocha-fivemat-progress-reporter": "^0.1.0",
        "monocart-coverage-reports": "^2.10.2",
        "ms": "^2.1.3",
        "node-fetch": "^3.3.2",
        "playwright": "^1.46.0",
        "source-map-support": "^0.5.21",
        "tslib": "^2.6.3",
        "typescript": "^5.5.4",
        "typescript-eslint": "^8.1.0",
        "which": "^3.0.1"
      },
      "engines": {
        "node": ">=14.17"
      }
    },
    "../../../node_modules/.pnpm/vite@6.4.3_sass@1.101.0/node_modules/vite": {
      "version": "6.4.3",
      "dev": true,
      "license": "MIT",
      "dependencies": {
        "esbuild": "^0.25.0",
        "fdir": "^6.4.4",
        "picomatch": "^4.0.2",
        "postcss": "^8.5.3",
        "rollup": "^4.34.9",
        "tinyglobby": "^0.2.13"
      },
      "bin": {
        "vite": "bin/vite.js"
      },
      "devDependencies": {
        "@ampproject/remapping": "^2.3.0",
        "@babel/parser": "^7.27.0",
        "@jridgewell/trace-mapping": "^0.3.25",
        "@polka/compression": "^1.0.0-next.25",
        "@rollup/plugin-alias": "^5.1.1",
        "@rollup/plugin-commonjs": "^28.0.3",
        "@rollup/plugin-dynamic-import-vars": "2.1.4",
        "@rollup/plugin-json": "^6.1.0",
        "@rollup/plugin-node-resolve": "16.0.1",
        "@rollup/pluginutils": "^5.1.4",
        "@types/escape-html": "^1.0.4",
        "@types/pnpapi": "^0.0.5",
        "artichokie": "^0.3.1",
        "cac": "^6.7.14",
        "chokidar": "^3.6.0",
        "connect": "^3.7.0",
        "convert-source-map": "^2.0.0",
        "cors": "^2.8.5",
        "cross-spawn": "^7.0.6",
        "debug": "^4.4.0",
        "dep-types": "link:./src/types",
        "dotenv": "^16.5.0",
        "dotenv-expand": "^12.0.2",
        "es-module-lexer": "^1.6.0",
        "escape-html": "^1.0.3",
        "estree-walker": "^3.0.3",
        "etag": "^1.8.1",
        "http-proxy": "^1.18.1",
        "launch-editor-middleware": "^2.14.1",
        "lightningcss": "^1.29.3",
        "magic-string": "^0.30.17",
        "mlly": "^1.7.4",
        "mrmime": "^2.0.1",
        "nanoid": "^5.1.5",
        "open": "^10.1.1",
        "parse5": "^7.2.1",
        "pathe": "^2.0.3",
        "periscopic": "^4.0.2",
        "picocolors": "^1.1.1",
        "postcss-import": "^16.1.0",
        "postcss-load-config": "^6.0.1",
        "postcss-modules": "^6.0.1",
        "resolve.exports": "^2.0.3",
        "rollup-plugin-dts": "^6.2.1",
        "rollup-plugin-esbuild": "^6.2.1",
        "rollup-plugin-license": "^3.6.0",
        "sass": "^1.86.3",
        "sass-embedded": "^1.86.3",
        "sirv": "^3.0.2",
        "source-map-support": "^0.5.21",
        "strip-literal": "^3.0.0",
        "terser": "^5.39.0",
        "tsconfck": "^3.1.5",
        "tslib": "^2.8.1",
        "types": "link:./types",
        "ufo": "^1.6.1",
        "ws": "^8.18.1"
      },
      "engines": {
        "node": "^18.0.0 || ^20.0.0 || >=22.0.0"
      },
      "funding": {
        "url": "https://github.com/vitejs/vite?sponsor=1"
      },
      "optionalDependencies": {
        "fsevents": "~2.3.3"
      },
      "peerDependencies": {
        "@types/node": "^18.0.0 || ^20.0.0 || >=22.0.0",
        "jiti": ">=1.21.0",
        "less": "*",
        "lightningcss": "^1.21.0",
        "sass": "*",
        "sass-embedded": "*",
        "stylus": "*",
        "sugarss": "*",
        "terser": "^5.16.0",
        "tsx": "^4.8.1",
        "yaml": "^2.4.2"
      },
      "peerDependenciesMeta": {
        "@types/node": {
          "optional": true
        },
        "jiti": {
          "optional": true
        },
        "less": {
          "optional": true
        },
        "lightningcss": {
          "optional": true
        },
        "sass": {
          "optional": true
        },
        "sass-embedded": {
          "optional": true
        },
        "stylus": {
          "optional": true
        },
        "sugarss": {
          "optional": true
        },
        "terser": {
          "optional": true
        },
        "tsx": {
          "optional": true
        },
        "yaml": {
          "optional": true
        }
      }
    },
    "node_modules/@sveltejs/adapter-static": {
      "resolved": "../../../node_modules/.pnpm/@sveltejs+adapter-static@3.0.10_@sveltejs+kit@2.66.0_@sveltejs+vite-plugin-svelte@5.1.1_f947f9c1379b4112caa21be88621ffaf/node_modules/@sveltejs/adapter-static",
      "link": true
    },
    "node_modules/@sveltejs/kit": {
      "resolved": "../../../node_modules/.pnpm/@sveltejs+kit@2.66.0_@sveltejs+vite-plugin-svelte@5.1.1_svelte@5.56.3_vite@6.4.3_sass@1_5e312ba370d106cc5b7360ecae792143/node_modules/@sveltejs/kit",
      "link": true
    },
    "node_modules/@sveltejs/vite-plugin-svelte": {
      "resolved": "../../../node_modules/.pnpm/@sveltejs+vite-plugin-svelte@5.1.1_svelte@5.56.3_vite@6.4.3_sass@1.101.0_/node_modules/@sveltejs/vite-plugin-svelte",
      "link": true
    },
    "node_modules/@tauri-apps/api": {
      "resolved": "../../../node_modules/.pnpm/@tauri-apps+api@2.11.1/node_modules/@tauri-apps/api",
      "link": true
    },
    "node_modules/@tauri-apps/cli": {
      "resolved": "../../../node_modules/.pnpm/@tauri-apps+cli@2.11.3/node_modules/@tauri-apps/cli",
      "link": true
    },
    "node_modules/@tauri-apps/plugin-opener": {
      "resolved": "../../../node_modules/.pnpm/@tauri-apps+plugin-opener@2.5.4/node_modules/@tauri-apps/plugin-opener",
      "link": true
    },
    "node_modules/@threlte/core": {
      "resolved": "../../../node_modules/.pnpm/@threlte+core@8.5.16_svelte@5.56.3_three@0.184.0/node_modules/@threlte/core",
      "link": true
    },
    "node_modules/@threlte/extras": {
      "resolved": "../../../node_modules/.pnpm/@threlte+extras@9.21.0_@types+three@0.184.1_svelte@5.56.3_three@0.184.0/node_modules/@threlte/extras",
      "link": true
    },
    "node_modules/svelte": {
      "resolved": "../../../node_modules/.pnpm/svelte@5.56.3/node_modules/svelte",
      "link": true
    },
    "node_modules/svelte-check": {
      "resolved": "../../../node_modules/.pnpm/svelte-check@4.6.0_picomatch@4.0.4_svelte@5.56.3_typescript@5.6.3/node_modules/svelte-check",
      "link": true
    },
    "node_modules/three": {
      "resolved": "../../../node_modules/.pnpm/three@0.184.0/node_modules/three",
      "link": true
    },
    "node_modules/three-viewport-gizmo": {
      "version": "2.2.0",
      "resolved": "https://registry.npmjs.org/three-viewport-gizmo/-/three-viewport-gizmo-2.2.0.tgz",
      "integrity": "sha512-Jo9Liur1rUmdKk75FZumLU/+hbF+RtJHi1qsKZpntjKlCYScK6tjbYoqvJ9M+IJphrlQJF5oReFW7Sambh0N4Q==",
      "license": "MIT",
      "peerDependencies": {
        "three": ">=0.162.0 <1.0.0"
      }
    },
    "node_modules/typescript": {
      "resolved": "../../../node_modules/.pnpm/typescript@5.6.3/node_modules/typescript",
      "link": true
    },
    "node_modules/vite": {
      "resolved": "../../../node_modules/.pnpm/vite@6.4.3_sass@1.101.0/node_modules/vite",
      "link": true
    }
  }
}
